
Microsoft Visual Studio Solution File, Format Version 12.00
# Visual Studio Version 16
VisualStudioVersion = 16.0.31205.134
MinimumVisualStudioVersion = 10.0.40219.1
Project("{9A19103F-16F7-4668-BE54-9A1E7A4F7556}") = "StonkMarketMachine", "StonkMarketMachine\StonkMarketMachine.csproj", "{3D010A33-1B83-40A0-9822-0F215BF3D60E}"
EndProject
Global
	GlobalSection(SolutionConfigurationPlatforms) = preSolution
		Debug|Any CPU = Debug|Any CPU
		Release|Any CPU = Release|Any CPU
	EndGlobalSection
	GlobalSection(ProjectConfigurationPlatforms) = postSolution
		{3D010A33-1B83-40A0-9822-0F215BF3D60E}.Debug|Any CPU.ActiveCfg = Debug|Any CPU
		{3D010A33-1B83-40A0-9822-0F215BF3D60E}.Debug|Any CPU.Build.0 = Debug|Any CPU
		{3D010A33-1B83-40A0-9822-0F215BF3D60E}.Release|Any CPU.ActiveCfg = Release|Any CPU
		{3D010A33-1B83-40A0-9822-0F215BF3D60E}.Release|Any CPU.Build.0 = Release|Any CPU
	EndGlobalSection
	GlobalSection(SolutionProperties) = preSolution
		HideSolutionNode = FALSE
	EndGlobalSection
	GlobalSection(ExtensibilityGlobals) = postSolution
		SolutionGuid = {C1CA8B8D-E52A-4E2F-808F-1C93B6CB0100}
	EndGlobalSection
EndGlobal
